
Microsoft Visual Studio Solution File, Format Version 12.00
# Visual Studio Version 17
VisualStudioVersion = 17.3.32922.545
MinimumVisualStudioVersion = 10.0.40219.1
Project("{2150E333-8FDC-42A3-9474-1A3956D46DE8}") = "src", "src", "{B43378AE-B603-4E14-93E2-F24DEC8EBE1B}"
EndProject
Project("{2150E333-8FDC-42A3-9474-1A3956D46DE8}") = "test", "test", "{10827512-FF80-4D46-B655-17549576E54B}"
EndProject
Project("{9A19103F-16F7-4668-BE54-9A1E7A4F7556}") = "RPA.Api", "RPA.Api\RPA.Api.csproj", "{0309E677-8A02-4390-A44C-A713ACFC064C}"
EndProject
Project("{9A19103F-16F7-4668-BE54-9A1E7A4F7556}") = "RPA.Application", "RPA.Application\RPA.Application.csproj", "{0979B36C-CF7F-4539-9615-EF7654C839AF}"
EndProject
Project("{9A19103F-16F7-4668-BE54-9A1E7A4F7556}") = "RPA.Domain", "RPA.Domain\RPA.Domain.csproj", "{AEE70BDB-0B3B-4A93-80F6-1D0D45C31439}"
EndProject
Project("{9A19103F-16F7-4668-BE54-9A1E7A4F7556}") = "RPA.Utilities", "RPA.Utilities\RPA.Utilities.csproj", "{F705E8DD-0E88-4C1A-A594-59192D8D64C7}"
EndProject
Project("{9A19103F-16F7-4668-BE54-9A1E7A4F7556}") = "RPA.Infrastructure", "RPA.Infrastructure\RPA.Infrastructure.csproj", "{E3E518E1-D74C-4CE6-86E2-AC4DFAFE2B9D}"
EndProject
Project("{9A19103F-16F7-4668-BE54-9A1E7A4F7556}") = "RPA.Test", "RPA.Test\RPA.Test.csproj", "{30E1B197-6CC0-400F-9222-BD0C3A24B509}"
EndProject
Project("{FAE04EC0-301F-11D3-BF4B-00C04F79EFBC}") = "RPA.Web", "RPA.Web\RPA.Web.csproj", "{85033D62-910B-4068-B06F-9DD42F8F9B3B}"
EndProject
Global
	GlobalSection(SolutionConfigurationPlatforms) = preSolution
		Debug|Any CPU = Debug|Any CPU
		Release|Any CPU = Release|Any CPU
	EndGlobalSection
	GlobalSection(ProjectConfigurationPlatforms) = postSolution
		{0309E677-8A02-4390-A44C-A713ACFC064C}.Debug|Any CPU.ActiveCfg = Debug|Any CPU
		{0309E677-8A02-4390-A44C-A713ACFC064C}.Debug|Any CPU.Build.0 = Debug|Any CPU
		{0309E677-8A02-4390-A44C-A713ACFC064C}.Release|Any CPU.ActiveCfg = Release|Any CPU
		{0309E677-8A02-4390-A44C-A713ACFC064C}.Release|Any CPU.Build.0 = Release|Any CPU
		{0979B36C-CF7F-4539-9615-EF7654C839AF}.Debug|Any CPU.ActiveCfg = Debug|Any CPU
		{0979B36C-CF7F-4539-9615-EF7654C839AF}.Debug|Any CPU.Build.0 = Debug|Any CPU
		{0979B36C-CF7F-4539-9615-EF7654C839AF}.Release|Any CPU.ActiveCfg = Release|Any CPU
		{0979B36C-CF7F-4539-9615-EF7654C839AF}.Release|Any CPU.Build.0 = Release|Any CPU
		{AEE70BDB-0B3B-4A93-80F6-1D0D45C31439}.Debug|Any CPU.ActiveCfg = Debug|Any CPU
		{AEE70BDB-0B3B-4A93-80F6-1D0D45C31439}.Debug|Any CPU.Build.0 = Debug|Any CPU
		{AEE70BDB-0B3B-4A93-80F6-1D0D45C31439}.Release|Any CPU.ActiveCfg = Release|Any CPU
		{AEE70BDB-0B3B-4A93-80F6-1D0D45C31439}.Release|Any CPU.Build.0 = Release|Any CPU
		{F705E8DD-0E88-4C1A-A594-59192D8D64C7}.Debug|Any CPU.ActiveCfg = Debug|Any CPU
		{F705E8DD-0E88-4C1A-A594-59192D8D64C7}.Debug|Any CPU.Build.0 = Debug|Any CPU
		{F705E8DD-0E88-4C1A-A594-59192D8D64C7}.Release|Any CPU.ActiveCfg = Release|Any CPU
		{F705E8DD-0E88-4C1A-A594-59192D8D64C7}.Release|Any CPU.Build.0 = Release|Any CPU
		{E3E518E1-D74C-4CE6-86E2-AC4DFAFE2B9D}.Debug|Any CPU.ActiveCfg = Debug|Any CPU
		{E3E518E1-D74C-4CE6-86E2-AC4DFAFE2B9D}.Debug|Any CPU.Build.0 = Debug|Any CPU
		{E3E518E1-D74C-4CE6-86E2-AC4DFAFE2B9D}.Release|Any CPU.ActiveCfg = Release|Any CPU
		{E3E518E1-D74C-4CE6-86E2-AC4DFAFE2B9D}.Release|Any CPU.Build.0 = Release|Any CPU
		{30E1B197-6CC0-400F-9222-BD0C3A24B509}.Debug|Any CPU.ActiveCfg = Debug|Any CPU
		{30E1B197-6CC0-400F-9222-BD0C3A24B509}.Debug|Any CPU.Build.0 = Debug|Any CPU
		{30E1B197-6CC0-400F-9222-BD0C3A24B509}.Release|Any CPU.ActiveCfg = Release|Any CPU
		{30E1B197-6CC0-400F-9222-BD0C3A24B509}.Release|Any CPU.Build.0 = Release|Any CPU
		{85033D62-910B-4068-B06F-9DD42F8F9B3B}.Debug|Any CPU.ActiveCfg = Debug|Any CPU
		{85033D62-910B-4068-B06F-9DD42F8F9B3B}.Debug|Any CPU.Build.0 = Debug|Any CPU
		{85033D62-910B-4068-B06F-9DD42F8F9B3B}.Release|Any CPU.ActiveCfg = Release|Any CPU
		{85033D62-910B-4068-B06F-9DD42F8F9B3B}.Release|Any CPU.Build.0 = Release|Any CPU
	EndGlobalSection
	GlobalSection(SolutionProperties) = preSolution
		HideSolutionNode = FALSE
	EndGlobalSection
	GlobalSection(NestedProjects) = preSolution
		{0309E677-8A02-4390-A44C-A713ACFC064C} = {B43378AE-B603-4E14-93E2-F24DEC8EBE1B}
		{0979B36C-CF7F-4539-9615-EF7654C839AF} = {B43378AE-B603-4E14-93E2-F24DEC8EBE1B}
		{AEE70BDB-0B3B-4A93-80F6-1D0D45C31439} = {B43378AE-B603-4E14-93E2-F24DEC8EBE1B}
		{F705E8DD-0E88-4C1A-A594-59192D8D64C7} = {B43378AE-B603-4E14-93E2-F24DEC8EBE1B}
		{E3E518E1-D74C-4CE6-86E2-AC4DFAFE2B9D} = {B43378AE-B603-4E14-93E2-F24DEC8EBE1B}
		{30E1B197-6CC0-400F-9222-BD0C3A24B509} = {10827512-FF80-4D46-B655-17549576E54B}
		{85033D62-910B-4068-B06F-9DD42F8F9B3B} = {B43378AE-B603-4E14-93E2-F24DEC8EBE1B}
	EndGlobalSection
	GlobalSection(ExtensibilityGlobals) = postSolution
		SolutionGuid = {16C4B833-E0EA-4068-B2F6-94E9CB44B41F}
	EndGlobalSection
EndGlobal
